// !$*UTF8*$!
{
	archiveVersion = 1;
	classes = {
	};
	objectVersion = 50;
	objects = {

/* Begin PBXBuildFile section */
		D80D5E8121BDB944000543CF /* AppDelegate.swift in Sources */ = {isa = PBXBuildFile; fileRef = D80D5E8021BDB944000543CF /* AppDelegate.swift */; };
		D80D5E8321BDB944000543CF /* ViewController.swift in Sources */ = {isa = PBXBuildFile; fileRef = D80D5E8221BDB944000543CF /* ViewController.swift */; };
		D80D5E8621BDB944000543CF /* Main.storyboard in Resources */ = {isa = PBXBuildFile; fileRef = D80D5E8421BDB944000543CF /* Main.storyboard */; };
		D80D5E8821BDB946000543CF /* Assets.xcassets in Resources */ = {isa = PBXBuildFile; fileRef = D80D5E8721BDB946000543CF /* Assets.xcassets */; };
		D80D5E8B21BDB946000543CF /* LaunchScreen.storyboard in Resources */ = {isa = PBXBuildFile; fileRef = D80D5E8921BDB946000543CF /* LaunchScreen.storyboard */; };
		D80D5E9321BDBDEF000543CF /* skillsViewController.swift in Sources */ = {isa = PBXBuildFile; fileRef = D80D5E9221BDBDEF000543CF /* skillsViewController.swift */; };
		D80D5E9721BDBF06000543CF /* experienceTableViewCell.swift in Sources */ = {isa = PBXBuildFile; fileRef = D80D5E9621BDBF06000543CF /* experienceTableViewCell.swift */; };
		D80D5E9B21BDBF88000543CF /* educationwork.swift in Sources */ = {isa = PBXBuildFile; fileRef = D80D5E9A21BDBF88000543CF /* educationwork.swift */; };
		D88A275C21BDC3880070C25F /* epxeriencedetailViewController.swift in Sources */ = {isa = PBXBuildFile; fileRef = D88A275B21BDC3880070C25F /* epxeriencedetailViewController.swift */; };
		D88A275E21BDC4510070C25F /* expTableViewController.swift in Sources */ = {isa = PBXBuildFile; fileRef = D88A275D21BDC4510070C25F /* expTableViewController.swift */; };
/* End PBXBuildFile section */

/* Begin PBXFileReference section */
		D80D5E7D21BDB944000543CF /* ioslabtwo.app */ = {isa = PBXFileReference; explicitFileType = wrapper.application; includeInIndex = 0; path = ioslabtwo.app; sourceTree = BUILT_PRODUCTS_DIR; };
		D80D5E8021BDB944000543CF /* AppDelegate.swift */ = {isa = PBXFileReference; lastKnownFileType = sourcecode.swift; path = AppDelegate.swift; sourceTree = "<group>"; };
		D80D5E8221BDB944000543CF /* ViewController.swift */ = {isa = PBXFileReference; lastKnownFileType = sourcecode.swift; path = ViewController.swift; sourceTree = "<group>"; };
		D80D5E8521BDB944000543CF /* Base */ = {isa = PBXFileReference; lastKnownFileType = file.storyboard; name = Base; path = Base.lproj/Main.storyboard; sourceTree = "<group>"; };
		D80D5E8721BDB946000543CF /* Assets.xcassets */ = {isa = PBXFileReference; lastKnownFileType = folder.assetcatalog; path = Assets.xcassets; sourceTree = "<group>"; };
		D80D5E8A21BDB946000543CF /* Base */ = {isa = PBXFileReference; lastKnownFileType = file.storyboard; name = Base; path = Base.lproj/LaunchScreen.storyboard; sourceTree = "<group>"; };
		D80D5E8C21BDB946000543CF /* Info.plist */ = {isa = PBXFileReference; lastKnownFileType = text.plist.xml; path = Info.plist; sourceTree = "<group>"; };
		D80D5E9221BDBDEF000543CF /* skillsViewController.swift */ = {isa = PBXFileReference; lastKnownFileType = sourcecode.swift; path = skillsViewController.swift; sourceTree = "<group>"; };
		D80D5E9621BDBF06000543CF /* experienceTableViewCell.swift */ = {isa = PBXFileReference; lastKnownFileType = sourcecode.swift; path = experienceTableViewCell.swift; sourceTree = "<group>"; };
		D80D5E9A21BDBF88000543CF /* educationwork.swift */ = {isa = PBXFileReference; lastKnownFileType = sourcecode.swift; path = educationwork.swift; sourceTree = "<group>"; };
		D88A275B21BDC3880070C25F /* epxeriencedetailViewController.swift */ = {isa = PBXFileReference; lastKnownFileType = sourcecode.swift; path = epxeriencedetailViewController.swift; sourceTree = "<group>"; };
		D88A275D21BDC4510070C25F /* expTableViewController.swift */ = {isa = PBXFileReference; lastKnownFileType = sourcecode.swift; path = expTableViewController.swift; sourceTree = "<group>"; };
/* End PBXFileReference section */

/* Begin PBXFrameworksBuildPhase section */
		D80D5E7A21BDB944000543CF /* Frameworks */ = {
			isa = PBXFrameworksBuildPhase;
			buildActionMask = 2147483647;
			files = (
			);
			runOnlyForDeploymentPostprocessing = 0;
		};
/* End PBXFrameworksBuildPhase section */

/* Begin PBXGroup section */
		D80D5E7421BDB944000543CF = {
			isa = PBXGroup;
			children = (
				D80D5E7F21BDB944000543CF /* ioslabtwo */,
				D80D5E7E21BDB944000543CF /* Products */,
			);
			sourceTree = "<group>";
		};
		D80D5E7E21BDB944000543CF /* Products */ = {
			isa = PBXGroup;
			children = (
				D80D5E7D21BDB944000543CF /* ioslabtwo.app */,
			);
			name = Products;
			sourceTree = "<group>";
		};
		D80D5E7F21BDB944000543CF /* ioslabtwo */ = {
			isa = PBXGroup;
			children = (
				D80D5E8021BDB944000543CF /* AppDelegate.swift */,
				D80D5E8221BDB944000543CF /* ViewController.swift */,
				D80D5E8421BDB944000543CF /* Main.storyboard */,
				D80D5E8721BDB946000543CF /* Assets.xcassets */,
				D80D5E8921BDB946000543CF /* LaunchScreen.storyboard */,
				D80D5E8C21BDB946000543CF /* Info.plist */,
				D80D5E9221BDBDEF000543CF /* skillsViewController.swift */,
				D80D5E9621BDBF06000543CF /* experienceTableViewCell.swift */,
				D80D5E9A21BDBF88000543CF /* educationwork.swift */,
				D88A275B21BDC3880070C25F /* epxeriencedetailViewController.swift */,
				D88A275D21BDC4510070C25F /* expTableViewController.swift */,
			);
			path = ioslabtwo;
			sourceTree = "<group>";
		};
/* End PBXGroup section */

/* Begin PBXNativeTarget section */
		D80D5E7C21BDB944000543CF /* ioslabtwo */ = {
			isa = PBXNativeTarget;
			buildConfigurationList = D80D5E8F21BDB946000543CF /* Build configuration list for PBXNativeTarget "ioslabtwo" */;
			buildPhases = (
				D80D5E7921BDB944000543CF /* Sources */,
				D80D5E7A21BDB944000543CF /* Frameworks */,
				D80D5E7B21BDB944000543CF /* Resources */,
			);
			buildRules = (
			);
			dependencies = (
			);
			name = ioslabtwo;
			productName = ioslabtwo;
			productReference = D80D5E7D21BDB944000543CF /* ioslabtwo.app */;
			productType = "com.apple.product-type.application";
		};
/* End PBXNativeTarget section */

/* Begin PBXProject section */
		D80D5E7521BDB944000543CF /* Project object */ = {
			isa = PBXProject;
			attributes = {
				LastSwiftUpdateCheck = 1000;
				LastUpgradeCheck = 1000;
				ORGANIZATIONNAME = MartinAB;
				TargetAttributes = {
					D80D5E7C21BDB944000543CF = {
						CreatedOnToolsVersion = 10.0;
					};
				};
			};
			buildConfigurationList = D80D5E7821BDB944000543CF /* Build configuration list for PBXProject "ioslabtwo" */;
			compatibilityVersion = "Xcode 9.3";
			developmentRegion = en;
			hasScannedForEncodings = 0;
			knownRegions = (
				en,
				Base,
			);
			mainGroup = D80D5E7421BDB944000543CF;
			productRefGroup = D80D5E7E21BDB944000543CF /* Products */;
			projectDirPath = "";
			projectRoot = "";
			targets = (
				D80D5E7C21BDB944000543CF /* ioslabtwo */,
			);
		};
/* End PBXProject section */

/* Begin PBXResourcesBuildPhase section */
		D80D5E7B21BDB944000543CF /* Resources */ = {
			isa = PBXResourcesBuildPhase;
			buildActionMask = 2147483647;
			files = (
				D80D5E8B21BDB946000543CF /* LaunchScreen.storyboard in Resources */,
				D80D5E8821BDB946000543CF /* Assets.xcassets in Resources */,
				D80D5E8621BDB944000543CF /* Main.storyboard in Resources */,
			);
			runOnlyForDeploymentPostprocessing = 0;
		};
/* End PBXResourcesBuildPhase section */

/* Begin PBXSourcesBuildPhase section */
		D80D5E7921BDB944000543CF /* Sources */ = {
			isa = PBXSourcesBuildPhase;
			buildActionMask = 2147483647;
			files = (
				D88A275E21BDC4510070C25F /* expTableViewController.swift in Sources */,
				D80D5E9321BDBDEF000543CF /* skillsViewController.swift in Sources */,
				D80D5E9B21BDBF88000543CF /* educationwork.swift in Sources */,
				D80D5E8321BDB944000543CF /* ViewController.swift in Sources */,
				D80D5E9721BDBF06000543CF /* experienceTableViewCell.swift in Sources */,
				D80D5E8121BDB944000543CF /* AppDelegate.swift in Sources */,
				D88A275C21BDC3880070C25F /* epxeriencedetailViewController.swift in Sources */,
			);
			runOnlyForDeploymentPostprocessing = 0;
		};
/* End PBXSourcesBuildPhase section */

/* Begin PBXVariantGroup section */
		D80D5E8421BDB944000543CF /* Main.storyboard */ = {
			isa = PBXVariantGroup;
			children = (
				D80D5E8521BDB944000543CF /* Base */,
			);
			name = Main.storyboard;
			sourceTree = "<group>";
		};
		D80D5E8921BDB946000543CF /* LaunchScreen.storyboard */ = {
			isa = PBXVariantGroup;
			children = (
				D80D5E8A21BDB946000543CF /* Base */,
			);
			name = LaunchScreen.storyboard;
			sourceTree = "<group>";
		};
/* End PBXVariantGroup section */

/* Begin XCBuildConfiguration section */
		D80D5E8D21BDB946000543CF /* Debug */ = {
			isa = XCBuildConfiguration;
			buildSettings = {
				ALWAYS_SEARCH_USER_PATHS = NO;
				CLANG_ANALYZER_NONNULL = YES;
				CLANG_ANALYZER_NUMBER_OBJECT_CONVERSION = YES_AGGRESSIVE;
				CLANG_CXX_LANGUAGE_STANDARD = "gnu++14";
				CLANG_CXX_LIBRARY = "libc++";
				CLANG_ENABLE_MODULES = YES;
				CLANG_ENABLE_OBJC_ARC = YES;
				CLANG_ENABLE_OBJC_WEAK = YES;
				CLANG_WARN_BLOCK_CAPTURE_AUTORELEASING = YES;
				CLANG_WARN_BOOL_CONVERSION = YES;
				CLANG_WARN_COMMA = YES;
				CLANG_WARN_CONSTANT_CONVERSION = YES;
				CLANG_WARN_DEPRECATED_OBJC_IMPLEMENTATIONS = YES;
				CLANG_WARN_DIRECT_OBJC_ISA_USAGE = YES_ERROR;
				CLANG_WARN_DOCUMENTATION_COMMENTS = YES;
				CLANG_WARN_EMPTY_BODY = YES;
				CLANG_WARN_ENUM_CONVERSION = YES;
				CLANG_WARN_INFINITE_RECURSION = YES;
				CLANG_WARN_INT_CONVERSION = YES;
				CLANG_WARN_NON_LITERAL_NULL_CONVERSION = YES;
				CLANG_WARN_OBJC_IMPLICIT_RETAIN_SELF = YES;
				CLANG_WARN_OBJC_LITERAL_CONVERSION = YES;
				CLANG_WARN_OBJC_ROOT_CLASS = YES_ERROR;
				CLANG_WARN_RANGE_LOOP_ANALYSIS = YES;
				CLANG_WARN_STRICT_PROTOTYPES = YES;
				CLANG_WARN_SUSPICIOUS_MOVE = YES;
				CLANG_WARN_UNGUARDED_AVAILABILITY = YES_AGGRESSIVE;
				CLANG_WARN_UNREACHABLE_CODE = YES;
				CLANG_WARN__DUPLICATE_METHOD_MATCH = YES;
				CODE_SIGN_IDENTITY = "iPhone Developer";
				COPY_PHASE_STRIP = NO;
				DEBUG_INFORMATION_FORMAT = dwarf;
				ENABLE_STRICT_OBJC_MSGSEND = YES;
				ENABLE_TESTABILITY = YES;
				GCC_C_LANGUAGE_STANDARD = gnu11;
				GCC_DYNAMIC_NO_PIC = NO;
				GCC_NO_COMMON_BLOCKS = YES;
				GCC_OPTIMIZATION_LEVEL = 0;
				GCC_PREPROCESSOR_DEFINITIONS = (
					"DEBUG=1",
					"$(inherited)",
				);
				GCC_WARN_64_TO_32_BIT_CONVERSION = YES;
				GCC_WARN_ABOUT_RETURN_TYPE = YES_ERROR;
				GCC_WARN_UNDECLARED_SELECTOR = YES;
				GCC_WARN_UNINITIALIZED_AUTOS = YES_AGGRESSIVE;
				GCC_WARN_UNUSED_FUNCTION = YES;
				GCC_WARN_UNUSED_VARIABLE = YES;
				IPHONEOS_DEPLOYMENT_TARGET = 12.0;
				MTL_ENABLE_DEBUG_INFO = INCLUDE_SOURCE;
				MTL_FAST_MATH = YES;
				ONLY_ACTIVE_ARCH = YES;
				SDKROOT = iphoneos;
				SWIFT_ACTIVE_COMPILATION_CONDITIONS = DEBUG;
				SWIFT_OPTIMIZATION_LEVEL = "-Onone";
			};
			name = Debug;
		};
		D80D5E8E21BDB946000543CF /* Release */ = {
			isa = XCBuildConfiguration;
			buildSettings = {
				ALWAYS_SEARCH_USER_PATHS = NO;
				CLANG_ANALYZER_NONNULL = YES;
				CLANG_ANALYZER_NUMBER_OBJECT_CONVERSION = YES_AGGRESSIVE;
				CLANG_CXX_LANGUAGE_STANDARD = "gnu++14";
				CLANG_CXX_LIBRARY = "libc++";
				CLANG_ENABLE_MODULES = YES;
				CLANG_ENABLE_OBJC_ARC = YES;
				CLANG_ENABLE_OBJC_WEAK = YES;
				CLANG_WARN_BLOCK_CAPTURE_AUTORELEASING = YES;
				CLANG_WARN_BOOL_CONVERSION = YES;
				CLANG_WARN_COMMA = YES;
				CLANG_WARN_CONSTANT_CONVERSION = YES;
				CLANG_WARN_DEPRECATED_OBJC_IMPLEMENTATIONS = YES;
				CLANG_WARN_DIRECT_OBJC_ISA_USAGE = YES_ERROR;
				CLANG_WARN_DOCUMENTATION_COMMENTS = YES;
				CLANG_WARN_EMPTY_BODY = YES;
				CLANG_WARN_ENUM_CONVERSION = YES;
				CLANG_WARN_INFINITE_RECURSION = YES;
				CLANG_WARN_INT_CONVERSION = YES;
				CLANG_WARN_NON_LITERAL_NULL_CONVERSION = YES;
				CLANG_WARN_OBJC_IMPLICIT_RETAIN_SELF = YES;
				CLANG_WARN_OBJC_LITERAL_CONVERSION = YES;
				CLANG_WARN_OBJC_ROOT_CLASS = YES_ERROR;
				CLANG_WARN_RANGE_LOOP_ANALYSIS = YES;
				CLANG_WARN_STRICT_PROTOTYPES = YES;
				CLANG_WARN_SUSPICIOUS_MOVE = YES;
				CLANG_WARN_UNGUARDED_AVAILABILITY = YES_AGGRESSIVE;
				CLANG_WARN_UNREACHABLE_CODE = YES;
				CLANG_WARN__DUPLICATE_METHOD_MATCH = YES;
				CODE_SIGN_IDENTITY = "iPhone Developer";
				COPY_PHASE_STRIP = NO;
				DEBUG_INFORMATION_FORMAT = "dwarf-with-dsym";
				ENABLE_NS_ASSERTIONS = NO;
				ENABLE_STRICT_OBJC_MSGSEND = YES;
				GCC_C_LANGUAGE_STANDARD = gnu11;
				GCC_NO_COMMON_BLOCKS = YES;
				GCC_WARN_64_TO_32_BIT_CONVERSION = YES;
				GCC_WARN_ABOUT_RETURN_TYPE = YES_ERROR;
				GCC_WARN_UNDECLARED_SELECTOR = YES;
				GCC_WARN_UNINITIALIZED_AUTOS = YES_AGGRESSIVE;
				GCC_WARN_UNUSED_FUNCTION = YES;
				GCC_WARN_UNUSED_VARIABLE = YES;
				IPHONEOS_DEPLOYMENT_TARGET = 12.0;
				MTL_ENABLE_DEBUG_INFO = NO;
				MTL_FAST_MATH = YES;
				SDKROOT = iphoneos;
				SWIFT_COMPILATION_MODE = wholemodule;
				SWIFT_OPTIMIZATION_LEVEL = "-O";
				VALIDATE_PRODUCT = YES;
			};
			name = Release;
		};
		D80D5E9021BDB946000543CF /* Debug */ = {
			isa = XCBuildConfiguration;
			buildSettings = {
				ASSETCATALOG_COMPILER_APPICON_NAME = AppIcon;
				CODE_SIGN_STYLE = Automatic;
				DEVELOPMENT_TEAM = QUHX6CA3W8;
				INFOPLIST_FILE = ioslabtwo/Info.plist;
				LD_RUNPATH_SEARCH_PATHS = (
					"$(inherited)",
					"@executable_path/Frameworks",
				);
				PRODUCT_BUNDLE_IDENTIFIER = hn.ioslabtwo;
				PRODUCT_NAME = "$(TARGET_NAME)";
				SWIFT_VERSION = 4.2;
				TARGETED_DEVICE_FAMILY = "1,2";
			};
			name = Debug;
		};
		D80D5E9121BDB946000543CF /* Release */ = {
			isa = XCBuildConfiguration;
			buildSettings = {
				ASSETCATALOG_COMPILER_APPICON_NAME = AppIcon;
				CODE_SIGN_STYLE = Automatic;
				DEVELOPMENT_TEAM = QUHX6CA3W8;
				INFOPLIST_FILE = ioslabtwo/Info.plist;
				LD_RUNPATH_SEARCH_PATHS = (
					"$(inherited)",
					"@executable_path/Frameworks",
				);
				PRODUCT_BUNDLE_IDENTIFIER = hn.ioslabtwo;
				PRODUCT_NAME = "$(TARGET_NAME)";
				SWIFT_VERSION = 4.2;
				TARGETED_DEVICE_FAMILY = "1,2";
			};
			name = Release;
		};
/* End XCBuildConfiguration section */

/* Begin XCConfigurationList section */
		D80D5E7821BDB944000543CF /* Build configuration list for PBXProject "ioslabtwo" */ = {
			isa = XCConfigurationList;
			buildConfigurations = (
				D80D5E8D21BDB946000543CF /* Debug */,
				D80D5E8E21BDB946000543CF /* Release */,
			);
			defaultConfigurationIsVisible = 0;
			defaultConfigurationName = Release;
		};
		D80D5E8F21BDB946000543CF /* Build configuration list for PBXNativeTarget "ioslabtwo" */ = {
			isa = XCConfigurationList;
			buildConfigurations = (
				D80D5E9021BDB946000543CF /* Debug */,
				D80D5E9121BDB946000543CF /* Release */,
			);
			defaultConfigurationIsVisible = 0;
			defaultConfigurationName = Release;
		};
/* End XCConfigurationList section */
	};
	rootObject = D80D5E7521BDB944000543CF /* Project object */;
}
